
Microsoft Visual Studio Solution File, Format Version 12.00
# Visual Studio 16
Project("{FAE04EC0-301F-11D3-BF4B-00C04F79EFBC}") = "Assembly-CSharp", "Assembly-CSharp.csproj", "{BCD35E3C-D10F-E605-ED72-9D154257DB1D}"
EndProject
Global
	GlobalSection(SolutionConfigurationPlatforms) = preSolution
		Debug|Any CPU = Debug|Any CPU
		Release|Any CPU = Release|Any CPU
	EndGlobalSection
	GlobalSection(ProjectConfigurationPlatforms) = postSolution
		{BCD35E3C-D10F-E605-ED72-9D154257DB1D}.Debug|Any CPU.ActiveCfg = Debug|Any CPU
		{BCD35E3C-D10F-E605-ED72-9D154257DB1D}.Debug|Any CPU.Build.0 = Debug|Any CPU
		{BCD35E3C-D10F-E605-ED72-9D154257DB1D}.Release|Any CPU.ActiveCfg = Release|Any CPU
		{BCD35E3C-D10F-E605-ED72-9D154257DB1D}.Release|Any CPU.Build.0 = Release|Any CPU
	EndGlobalSection
	GlobalSection(SolutionProperties) = preSolution
		HideSolutionNode = FALSE
	EndGlobalSection
EndGlobal
